<?xml version="1.0" encoding="utf-8"?>
<Project ToolsVersion="4.0" xmlns="http://schemas.microsoft.com/developer/msbuild/2003">
  <ItemGroup>
    <Filter Include="Source Files">
      <UniqueIdentifier>{4FC737F1-C7A5-4376-A066-2A32D752A2FF}</UniqueIdentifier>
      <Extensions>cpp;c;cc;cxx;c++;cppm;ixx;def;odl;idl;hpj;bat;asm;asmx</Extensions>
    </Filter>
    <Filter Include="Header Files">
      <UniqueIdentifier>{93995380-89BD-4b04-88EB-625FBE52EBFB}</UniqueIdentifier>
      <Extensions>h;hh;hpp;hxx;h++;hm;inl;inc;ipp;xsd</Extensions>
    </Filter>
    <Filter Include="Resource Files">
      <UniqueIdentifier>{67DA6AB6-F800-4c08-8B7A-83BB121AAD01}</UniqueIdentifier>
      <Extensions>rc;ico;cur;bmp;dlg;rc2;rct;bin;rgs;gif;jpg;jpeg;jpe;resx;tiff;tif;png;wav;mfcribbon-ms</Extensions>
    </Filter>
  </ItemGroup>
  <ItemGroup>
    <ClCompile Include="main.cpp">
      <Filter>Source Files</Filter>
    </ClCompile>
    <ClCompile Include="src\sdk\sdk.cpp">
      <Filter>Source Files</Filter>
    </ClCompile>
    <ClCompile Include="src\stb_image_impl.cpp">
      <Filter>Source Files</Filter>
    </ClCompile>
    <ClCompile Include="src\cache\cache.cpp">
      <Filter>Source Files</Filter>
    </ClCompile>
    <ClCompile Include="src\render\render.cpp">
      <Filter>Source Files</Filter>
    </ClCompile>
    <ClCompile Include="ext\imgui\imgui.cpp">
      <Filter>Source Files</Filter>
    </ClCompile>
    <ClCompile Include="ext\imgui\imgui_demo.cpp">
      <Filter>Source Files</Filter>
    </ClCompile>
    <ClCompile Include="ext\imgui\imgui_draw.cpp">
      <Filter>Source Files</Filter>
    </ClCompile>
    <ClCompile Include="ext\imgui\imgui_tables.cpp">
      <Filter>Source Files</Filter>
    </ClCompile>
    <ClCompile Include="ext\imgui\imgui_widgets.cpp">
      <Filter>Source Files</Filter>
    </ClCompile>
    <ClCompile Include="src\features\esp\esp.cpp">
      <Filter>Source Files</Filter>
    </ClCompile>
    <ClCompile Include="ext\Clipper2Lib\src\clipper.engine.cpp">
      <Filter>Source Files</Filter>
    </ClCompile>
    <ClCompile Include="ext\Clipper2Lib\src\clipper.offset.cpp">
      <Filter>Source Files</Filter>
    </ClCompile>
    <ClCompile Include="ext\Clipper2Lib\src\clipper.rectclip.cpp">
      <Filter>Source Files</Filter>
    </ClCompile>
    <ClCompile Include="ext\imgui\addons\imgui_addons.cpp">
      <Filter>Source Files</Filter>
    </ClCompile>
    <ClCompile Include="ext\imgui\backends\imgui_impl_dx11.cpp">
      <Filter>Source Files</Filter>
    </ClCompile>
    <ClCompile Include="ext\imgui\backends\imgui_impl_win32.cpp">
      <Filter>Source Files</Filter>
    </ClCompile>
    <ClCompile Include="src\game\game.cpp">
      <Filter>Source Files</Filter>
    </ClCompile>
    <ClCompile Include="src\render\3d\parsers\mtl_parser.cpp">
      <Filter>Source Files</Filter>
    </ClCompile>
    <ClCompile Include="src\render\3d\parsers\obj_parser.cpp">
      <Filter>Source Files</Filter>
    </ClCompile>
    <ClCompile Include="src\render\3d\texture\texture_cache.cpp">
      <Filter>Source Files</Filter>
    </ClCompile>
    <ClCompile Include="src\render\3d\main_api.cpp">
      <Filter>Source Files</Filter>
    </ClCompile>
    <ClCompile Include="ext\imgui\misc\imgui_freetype.cpp">
      <Filter>Source Files</Filter>
    </ClCompile>
    <ClCompile Include="src\features\esp\parser\meshparser.cpp">
      <Filter>Source Files</Filter>
    </ClCompile>
    <ClCompile Include="src\features\esp\preview\visuals_preview.cpp">
      <Filter>Source Files</Filter>
    </ClCompile>
    <ClCompile Include="src\features\explorer\explorer.cpp">
      <Filter>Source Files</Filter>
    </ClCompile>
    <ClCompile Include="src\features\lighting\fog\fog.cpp">
      <Filter>Source Files</Filter>
    </ClCompile>
    <ClCompile Include="src\features\lighting\shadows\shadows.cpp">
      <Filter>Source Files</Filter>
    </ClCompile>
    <ClCompile Include="src\render\textures\texture.cpp">
      <Filter>Source Files</Filter>
    </ClCompile>
    <ClCompile Include="src\features\aimbot\aimbot.cpp">
      <Filter>Source Files</Filter>
    </ClCompile>
    <ClCompile Include="src\cache\bodyparts\bodyparts.cpp">
      <Filter>Source Files</Filter>
    </ClCompile>
    <ClCompile Include="src\menu\keybind\keybind.cpp">
      <Filter>Source Files</Filter>
    </ClCompile>
    <ClCompile Include="src\features\movement\fly\fly.cpp">
      <Filter>Source Files</Filter>
    </ClCompile>
    <ClCompile Include="src\features\movement\movement.cpp">
      <Filter>Source Files</Filter>
    </ClCompile>
    <ClCompile Include="src\features\movement\speed\speed.cpp">
      <Filter>Source Files</Filter>
    </ClCompile>
    <ClCompile Include="src\features\movement\tickrate\tickrate.cpp">
      <Filter>Source Files</Filter>
    </ClCompile>
    <ClCompile Include="src\features\silentaim\silentaim.cpp">
      <Filter>Source Files</Filter>
    </ClCompile>
    <ClCompile Include="src\features\triggerbot\triggerbot.cpp">
      <Filter>Source Files</Filter>
    </ClCompile>
    <ClCompile Include="src\game\rescan\rescan.cpp">
      <Filter>Source Files</Filter>
    </ClCompile>
    <ClCompile Include="src\features\explorer\texture\explorer_textures.cpp">
      <Filter>Source Files</Filter>
    </ClCompile>
    <ClCompile Include="ext\imgui\texteditor.cpp">
      <Filter>Source Files</Filter>
    </ClCompile>
    <ClCompile Include="src\features\menu\console\console.cpp">
      <Filter>Source Files</Filter>
    </ClCompile>
    <ClCompile Include="src\features\menu\streamproof\streamproof.cpp">
      <Filter>Source Files</Filter>
    </ClCompile>
    <ClCompile Include="src\menu\menu.cpp">
      <Filter>Source Files</Filter>
    </ClCompile>
    <ClCompile Include="src\features\config\config.cpp">
      <Filter>Source Files</Filter>
    </ClCompile>
    <ClCompile Include="src\wallcheck\wallcheck.cpp">
      <Filter>Source Files</Filter>
    </ClCompile>
    <ClCompile Include="src\cache\custom_entities\custom_entities.cpp">
      <Filter>Source Files</Filter>
    </ClCompile>
    <ClCompile Include="src\cache\game_detection.cpp">
      <Filter>Source Files</Filter>
    </ClCompile>
    <ClCompile Include="src\features\avatarmanager\avatarmanager.cpp">
      <Filter>Source Files</Filter>
    </ClCompile>
    <ClCompile Include="src\features\rage\hbe\hitbox_expander.cpp">
      <Filter>Source Files</Filter>
    </ClCompile>
    <ClCompile Include="src\features\rage\hitsound\hitsounds.cpp">
      <Filter>Source Files</Filter>
    </ClCompile>
    <ClCompile Include="src\features\rage\hittracers\hittracers.cpp">
      <Filter>Source Files</Filter>
    </ClCompile>
    <ClCompile Include="src\features\exploits\headless\headless.cpp">
      <Filter>Source Files</Filter>
    </ClCompile>
    <ClCompile Include="src\features\exploits\korblox\korblox.cpp">
      <Filter>Source Files</Filter>
    </ClCompile>
    <ClCompile Include="src\features\rage\noclip\noclip.cpp">
      <Filter>Source Files</Filter>
    </ClCompile>
    <ClCompile Include="src\features\rage\orbit\orbit.cpp">
      <Filter>Source Files</Filter>
    </ClCompile>
    <ClCompile Include="src\features\rage\rapidfire\rapidfire.cpp">
      <Filter>Source Files</Filter>
    </ClCompile>
    <ClCompile Include="src\features\rage\spin360\spin360.cpp">
      <Filter>Source Files</Filter>
    </ClCompile>
    <ClCompile Include="src\features\rage\desync\desync.cpp">
      <Filter>Source Files</Filter>
    </ClCompile>
    <ClCompile Include="src\features\rage\magicbullet\magicbullet.cpp">
      <Filter>Source Files</Filter>
    </ClCompile>
    <ClCompile Include="src\features\rage\thirdperson\thirdperson.cpp">
      <Filter>Source Files</Filter>
    </ClCompile>
    <ClCompile Include="src\features\lighting\clocktime\clocktime.cpp">
      <Filter>Source Files</Filter>
    </ClCompile>
    <ClCompile Include="ext\imgui\addons\imgui_notification.cpp">
      <Filter>Source Files</Filter>
    </ClCompile>
    <ClCompile Include="src\features\lighting\exposure\exposure.cpp">
      <Filter>Source Files</Filter>
    </ClCompile>
    <ClCompile Include="src\features\lighting\skybox\skybox.cpp">
      <Filter>Source Files</Filter>
    </ClCompile>
    <ClCompile Include="src\loader\loader.cpp">
      <Filter>Source Files</Filter>
    </ClCompile>
    <ClCompile Include="src\features\movement\jump\jump.cpp">
      <Filter>Source Files</Filter>
    </ClCompile>
    <ClCompile Include="src\features\rage\hipheight\hipheight.cpp">
      <Filter>Source Files</Filter>
    </ClCompile>
    <ClCompile Include="src\features\movement\gravity\gravity.cpp">
      <Filter>Source Files</Filter>
    </ClCompile>
    <ClCompile Include="src\memory\memory.cpp">
      <Filter>Source Files</Filter>
    </ClCompile>
    <ClCompile Include="src\features\exploits\antiafk\antiafk.cpp">
      <Filter>Source Files</Filter>
    </ClCompile>
    <ClCompile Include="src\features\exploits\client\fpscaps.cpp">
      <Filter>Source Files</Filter>
    </ClCompile>
    <ClCompile Include="src\features\exploits\freezeplayer\freezeplayer.cpp">
      <Filter>Source Files</Filter>
    </ClCompile>
    <ClCompile Include="src\features\diagnostics.cpp">
      <Filter>Source Files</Filter>
    </ClCompile>
    <ClCompile Include="src\branding\branding_assets.cpp">
      <Filter>Source Files</Filter>
    </ClCompile>
    <ClCompile Include="src\features\feature_list.cpp">
      <Filter>Source Files</Filter>
    </ClCompile>
    <ClCompile Include="src\features\feature_registry.cpp">
      <Filter>Source Files</Filter>
    </ClCompile>
    <ClCompile Include="src\gamesupport\gamesupport.cpp">
      <Filter>Source Files</Filter>
    </ClCompile>
    <ClCompile Include="src\gamesupport\AnimeLeague\anime_league.cpp">
      <Filter>Source Files</Filter>
    </ClCompile>
    <ClCompile Include="src\gamesupport\LumberTycoon2\lt2.cpp">
      <Filter>Source Files</Filter>
    </ClCompile>
    <ClCompile Include="src\gamesupport\MurderMystery2\murder_mystery_2.cpp">
      <Filter>Source Files</Filter>
    </ClCompile>
    <ClCompile Include="src\gamesupport\Overkill\overkill.cpp">
      <Filter>Source Files</Filter>
    </ClCompile>
    <ClCompile Include="src\gamesupport\PhantomForces\phantom_forces.cpp">
      <Filter>Source Files</Filter>
    </ClCompile>
    <ClCompile Include="src\gamesupport\BladeBall\blade_ball.cpp">
      <Filter>Source Files</Filter>
    </ClCompile>
    <ClCompile Include="src\ui\support_notification\support_notification.cpp">
      <Filter>Source Files</Filter>
    </ClCompile>
    <ClCompile Include="src\menu\rardar\radar.cpp">
      <Filter>Source Files</Filter>
    </ClCompile>
    <ClCompile Include="src\runtime\runtime_log.cpp">
      <Filter>Source Files</Filter>
    </ClCompile>
  </ItemGroup>
  <ItemGroup>
    <ClInclude Include="src\Offsets\Offsets.hpp">
      <Filter>Header Files</Filter>
    </ClInclude>
    <ClInclude Include="src\Offsets\OffsetLoader.hpp">
      <Filter>Header Files</Filter>
    </ClInclude>
    <ClInclude Include="src\sdk\sdk.h">
      <Filter>Header Files</Filter>
    </ClInclude>
    <ClInclude Include="src\cache\cache.h">
      <Filter>Header Files</Filter>
    </ClInclude>
    <ClInclude Include="src\sdk\math\math.h">
      <Filter>Header Files</Filter>
    </ClInclude>
    <ClInclude Include="src\game\game.h">
      <Filter>Header Files</Filter>
    </ClInclude>
    <ClInclude Include="src\render\render.h">
      <Filter>Header Files</Filter>
    </ClInclude>
    <ClInclude Include="ext\imgui\imconfig.h">
      <Filter>Header Files</Filter>
    </ClInclude>
    <ClInclude Include="ext\imgui\imgui.h">
      <Filter>Header Files</Filter>
    </ClInclude>
    <ClInclude Include="ext\imgui\imgui_internal.h">
      <Filter>Header Files</Filter>
    </ClInclude>
    <ClInclude Include="ext\imgui\imstb_rectpack.h">
      <Filter>Header Files</Filter>
    </ClInclude>
    <ClInclude Include="ext\imgui\imstb_textedit.h">
      <Filter>Header Files</Filter>
    </ClInclude>
    <ClInclude Include="ext\imgui\imstb_truetype.h">
      <Filter>Header Files</Filter>
    </ClInclude>
    <ClInclude Include="src\settings.h">
      <Filter>Header Files</Filter>
    </ClInclude>
    <ClInclude Include="src\settings\combat_settings.h">
      <Filter>Header Files</Filter>
    </ClInclude>
    <ClInclude Include="src\settings\game_settings.h">
      <Filter>Header Files</Filter>
    </ClInclude>
    <ClInclude Include="src\settings\movement_settings.h">
      <Filter>Header Files</Filter>
    </ClInclude>
    <ClInclude Include="src\settings\settings_state.h">
      <Filter>Header Files</Filter>
    </ClInclude>
    <ClInclude Include="src\branding\branding.h">
      <Filter>Header Files</Filter>
    </ClInclude>
    <ClInclude Include="src\branding\branding_assets.h">
      <Filter>Header Files</Filter>
    </ClInclude>
    <ClInclude Include="src\settings\ui_settings.h">
      <Filter>Header Files</Filter>
    </ClInclude>
    <ClInclude Include="src\settings\visual_settings.h">
      <Filter>Header Files</Filter>
    </ClInclude>
    <ClInclude Include="src\features\esp\esp.h">
      <Filter>Header Files</Filter>
    </ClInclude>
    <ClInclude Include="ext\Clipper2Lib\include\clipper2\clipper.core.h">
      <Filter>Header Files</Filter>
    </ClInclude>
    <ClInclude Include="ext\Clipper2Lib\include\clipper2\clipper.engine.h">
      <Filter>Header Files</Filter>
    </ClInclude>
    <ClInclude Include="ext\Clipper2Lib\include\clipper2\clipper.export.h">
      <Filter>Header Files</Filter>
    </ClInclude>
    <ClInclude Include="ext\Clipper2Lib\include\clipper2\clipper.h">
      <Filter>Header Files</Filter>
    </ClInclude>
    <ClInclude Include="ext\Clipper2Lib\include\clipper2\clipper.minkowski.h">
      <Filter>Header Files</Filter>
    </ClInclude>
    <ClInclude Include="ext\Clipper2Lib\include\clipper2\clipper.offset.h">
      <Filter>Header Files</Filter>
    </ClInclude>
    <ClInclude Include="ext\Clipper2Lib\include\clipper2\clipper.rectclip.h">
      <Filter>Header Files</Filter>
    </ClInclude>
    <ClInclude Include="ext\Clipper2Lib\include\clipper2\clipper.version.h">
      <Filter>Header Files</Filter>
    </ClInclude>
    <ClInclude Include="ext\font\config\font_config.h">
      <Filter>Header Files</Filter>
    </ClInclude>
    <ClInclude Include="ext\font\tahoma.h">
      <Filter>Header Files</Filter>
    </ClInclude>
    <ClInclude Include="ext\imgui\addons\imgui_addons.h">
      <Filter>Header Files</Filter>
    </ClInclude>
    <ClInclude Include="ext\imgui\logo\image_logo.h">
      <Filter>Header Files</Filter>
    </ClInclude>
    <ClInclude Include="ext\imgui\backends\imgui_impl_dx11.h">
      <Filter>Header Files</Filter>
    </ClInclude>
    <ClInclude Include="ext\imgui\backends\imgui_impl_win32.h">
      <Filter>Header Files</Filter>
    </ClInclude>
    <ClInclude Include="ext\imgui\include\D3DX11.h">
      <Filter>Header Files</Filter>
    </ClInclude>
    <ClInclude Include="ext\imgui\include\D3DX11async.h">
      <Filter>Header Files</Filter>
    </ClInclude>
    <ClInclude Include="ext\imgui\include\D3DX11core.h">
      <Filter>Header Files</Filter>
    </ClInclude>
    <ClInclude Include="ext\imgui\include\D3DX11tex.h">
      <Filter>Header Files</Filter>
    </ClInclude>
    <ClInclude Include="ext\imgui\stb_image.h">
      <Filter>Header Files</Filter>
    </ClInclude>
    <ClInclude Include="ext\font\verdana_bold.h">
      <Filter>Header Files</Filter>
    </ClInclude>
    <ClInclude Include="src\render\3d\parsers\mtl_parser.hpp">
      <Filter>Header Files</Filter>
    </ClInclude>
    <ClInclude Include="src\render\3d\parsers\obj_parser.hpp">
      <Filter>Header Files</Filter>
    </ClInclude>
    <ClInclude Include="src\render\3d\texture\texture_cache.hpp">
      <Filter>Header Files</Filter>
    </ClInclude>
    <ClInclude Include="src\render\3d\main_api.hpp">
      <Filter>Header Files</Filter>
    </ClInclude>
    <ClInclude Include="ext\ft\freetype\include\freetype\config\ftconfig.h">
      <Filter>Header Files</Filter>
    </ClInclude>
    <ClInclude Include="ext\ft\freetype\include\freetype\config\ftheader.h">
      <Filter>Header Files</Filter>
    </ClInclude>
    <ClInclude Include="ext\ft\freetype\include\freetype\config\ftmodule.h">
      <Filter>Header Files</Filter>
    </ClInclude>
    <ClInclude Include="ext\ft\freetype\include\freetype\config\ftoption.h">
      <Filter>Header Files</Filter>
    </ClInclude>
    <ClInclude Include="ext\ft\freetype\include\freetype\config\ftstdlib.h">
      <Filter>Header Files</Filter>
    </ClInclude>
    <ClInclude Include="ext\ft\freetype\include\freetype\config\integer-types.h">
      <Filter>Header Files</Filter>
    </ClInclude>
    <ClInclude Include="ext\ft\freetype\include\freetype\config\mac-support.h">
      <Filter>Header Files</Filter>
    </ClInclude>
    <ClInclude Include="ext\ft\freetype\include\freetype\config\public-macros.h">
      <Filter>Header Files</Filter>
    </ClInclude>
    <ClInclude Include="ext\ft\freetype\include\freetype\freetype.h">
      <Filter>Header Files</Filter>
    </ClInclude>
    <ClInclude Include="ext\ft\freetype\include\freetype\ftadvanc.h">
      <Filter>Header Files</Filter>
    </ClInclude>
    <ClInclude Include="ext\ft\freetype\include\freetype\ftbbox.h">
      <Filter>Header Files</Filter>
    </ClInclude>
    <ClInclude Include="ext\ft\freetype\include\freetype\ftbdf.h">
      <Filter>Header Files</Filter>
    </ClInclude>
    <ClInclude Include="ext\ft\freetype\include\freetype\ftbitmap.h">
      <Filter>Header Files</Filter>
    </ClInclude>
    <ClInclude Include="ext\ft\freetype\include\freetype\ftbzip2.h">
      <Filter>Header Files</Filter>
    </ClInclude>
    <ClInclude Include="ext\ft\freetype\include\freetype\ftcache.h">
      <Filter>Header Files</Filter>
    </ClInclude>
    <ClInclude Include="ext\ft\freetype\include\freetype\ftchapters.h">
      <Filter>Header Files</Filter>
    </ClInclude>
    <ClInclude Include="ext\ft\freetype\include\freetype\ftcid.h">
      <Filter>Header Files</Filter>
    </ClInclude>
    <ClInclude Include="ext\ft\freetype\include\freetype\ftcolor.h">
      <Filter>Header Files</Filter>
    </ClInclude>
    <ClInclude Include="ext\ft\freetype\include\freetype\ftdriver.h">
      <Filter>Header Files</Filter>
    </ClInclude>
    <ClInclude Include="ext\ft\freetype\include\freetype\fterrdef.h">
      <Filter>Header Files</Filter>
    </ClInclude>
    <ClInclude Include="ext\ft\freetype\include\freetype\fterrors.h">
      <Filter>Header Files</Filter>
    </ClInclude>
    <ClInclude Include="ext\ft\freetype\include\freetype\ftfntfmt.h">
      <Filter>Header Files</Filter>
    </ClInclude>
    <ClInclude Include="ext\ft\freetype\include\freetype\ftgasp.h">
      <Filter>Header Files</Filter>
    </ClInclude>
    <ClInclude Include="ext\ft\freetype\include\freetype\ftglyph.h">
      <Filter>Header Files</Filter>
    </ClInclude>
    <ClInclude Include="ext\ft\freetype\include\freetype\ftgxval.h">
      <Filter>Header Files</Filter>
    </ClInclude>
    <ClInclude Include="ext\ft\freetype\include\freetype\ftgzip.h">
      <Filter>Header Files</Filter>
    </ClInclude>
    <ClInclude Include="ext\ft\freetype\include\freetype\ftimage.h">
      <Filter>Header Files</Filter>
    </ClInclude>
    <ClInclude Include="ext\ft\freetype\include\freetype\ftincrem.h">
      <Filter>Header Files</Filter>
    </ClInclude>
    <ClInclude Include="ext\ft\freetype\include\freetype\ftlcdfil.h">
      <Filter>Header Files</Filter>
    </ClInclude>
    <ClInclude Include="ext\ft\freetype\include\freetype\ftlist.h">
      <Filter>Header Files</Filter>
    </ClInclude>
    <ClInclude Include="ext\ft\freetype\include\freetype\ftlogging.h">
      <Filter>Header Files</Filter>
    </ClInclude>
    <ClInclude Include="ext\ft\freetype\include\freetype\ftlzw.h">
      <Filter>Header Files</Filter>
    </ClInclude>
    <ClInclude Include="ext\ft\freetype\include\freetype\ftmac.h">
      <Filter>Header Files</Filter>
    </ClInclude>
    <ClInclude Include="ext\ft\freetype\include\freetype\ftmm.h">
      <Filter>Header Files</Filter>
    </ClInclude>
    <ClInclude Include="ext\ft\freetype\include\freetype\ftmodapi.h">
      <Filter>Header Files</Filter>
    </ClInclude>
    <ClInclude Include="ext\ft\freetype\include\freetype\ftmoderr.h">
      <Filter>Header Files</Filter>
    </ClInclude>
    <ClInclude Include="ext\ft\freetype\include\freetype\ftotval.h">
      <Filter>Header Files</Filter>
    </ClInclude>
    <ClInclude Include="ext\ft\freetype\include\freetype\ftoutln.h">
      <Filter>Header Files</Filter>
    </ClInclude>
    <ClInclude Include="ext\ft\freetype\include\freetype\ftparams.h">
      <Filter>Header Files</Filter>
    </ClInclude>
    <ClInclude Include="ext\ft\freetype\include\freetype\ftpfr.h">
      <Filter>Header Files</Filter>
    </ClInclude>
    <ClInclude Include="ext\ft\freetype\include\freetype\ftrender.h">
      <Filter>Header Files</Filter>
    </ClInclude>
    <ClInclude Include="ext\ft\freetype\include\freetype\ftsizes.h">
      <Filter>Header Files</Filter>
    </ClInclude>
    <ClInclude Include="ext\ft\freetype\include\freetype\ftsnames.h">
      <Filter>Header Files</Filter>
    </ClInclude>
    <ClInclude Include="ext\ft\freetype\include\freetype\ftstroke.h">
      <Filter>Header Files</Filter>
    </ClInclude>
    <ClInclude Include="ext\ft\freetype\include\freetype\ftsynth.h">
      <Filter>Header Files</Filter>
    </ClInclude>
    <ClInclude Include="ext\ft\freetype\include\freetype\ftsystem.h">
      <Filter>Header Files</Filter>
    </ClInclude>
    <ClInclude Include="ext\ft\freetype\include\freetype\fttrigon.h">
      <Filter>Header Files</Filter>
    </ClInclude>
    <ClInclude Include="ext\ft\freetype\include\freetype\fttypes.h">
      <Filter>Header Files</Filter>
    </ClInclude>
    <ClInclude Include="ext\ft\freetype\include\freetype\ftwinfnt.h">
      <Filter>Header Files</Filter>
    </ClInclude>
    <ClInclude Include="ext\ft\freetype\include\freetype\otsvg.h">
      <Filter>Header Files</Filter>
    </ClInclude>
    <ClInclude Include="ext\ft\freetype\include\freetype\t1tables.h">
      <Filter>Header Files</Filter>
    </ClInclude>
    <ClInclude Include="ext\ft\freetype\include\freetype\ttnameid.h">
      <Filter>Header Files</Filter>
    </ClInclude>
    <ClInclude Include="ext\ft\freetype\include\freetype\tttables.h">
      <Filter>Header Files</Filter>
    </ClInclude>
    <ClInclude Include="ext\ft\freetype\include\freetype\tttags.h">
      <Filter>Header Files</Filter>
    </ClInclude>
    <ClInclude Include="ext\ft\freetype\include\ft2build.h">
      <Filter>Header Files</Filter>
    </ClInclude>
    <ClInclude Include="ext\font\sp7.h">
      <Filter>Header Files</Filter>
    </ClInclude>
    <ClInclude Include="ext\font\tah.h">
      <Filter>Header Files</Filter>
    </ClInclude>
    <ClInclude Include="src\features\esp\parser\meshparser.h">
      <Filter>Header Files</Filter>
    </ClInclude>
    <ClInclude Include="src\features\esp\preview\visuals_preview.h">
      <Filter>Header Files</Filter>
    </ClInclude>
    <ClInclude Include="src\features\explorer\explorer.h">
      <Filter>Header Files</Filter>
    </ClInclude>
    <ClInclude Include="src\features\lighting\fog\fog.h">
      <Filter>Header Files</Filter>
    </ClInclude>
    <ClInclude Include="src\features\lighting\shadows\shadows.h">
      <Filter>Header Files</Filter>
    </ClInclude>
    <ClInclude Include="src\render\textures\texture.h">
      <Filter>Header Files</Filter>
    </ClInclude>
    <ClInclude Include="src\features\aimbot\aimbot.h">
      <Filter>Header Files</Filter>
    </ClInclude>
    <ClInclude Include="src\cache\bodyparts\bodyparts.h">
      <Filter>Header Files</Filter>
    </ClInclude>
    <ClInclude Include="src\menu\keybind\keybind.h">
      <Filter>Header Files</Filter>
    </ClInclude>
    <ClInclude Include="src\features\movement\fly\fly.h">
      <Filter>Header Files</Filter>
    </ClInclude>
    <ClInclude Include="src\features\movement\movement.h">
      <Filter>Header Files</Filter>
    </ClInclude>
    <ClInclude Include="src\features\movement\speed\speed.h">
      <Filter>Header Files</Filter>
    </ClInclude>
    <ClInclude Include="src\features\movement\tickrate\tickrate.h">
      <Filter>Header Files</Filter>
    </ClInclude>
    <ClInclude Include="src\features\silentaim\silentaim.h">
      <Filter>Header Files</Filter>
    </ClInclude>
    <ClInclude Include="src\game\rescan\rescan.h">
      <Filter>Header Files</Filter>
    </ClInclude>
    <ClInclude Include="src\features\explorer\decompiler\decompiler.h">
      <Filter>Header Files</Filter>
    </ClInclude>
    <ClInclude Include="ext\imgui\texteditor.hpp">
      <Filter>Header Files</Filter>
    </ClInclude>
    <ClInclude Include="src\features\explorer\globals.h">
      <Filter>Header Files</Filter>
    </ClInclude>
    <ClInclude Include="src\features\menu\console\console.h">
      <Filter>Header Files</Filter>
    </ClInclude>
    <ClInclude Include="src\features\menu\streamproof\streamproof.h">
      <Filter>Header Files</Filter>
    </ClInclude>
    <ClInclude Include="src\menu\menu.h">
      <Filter>Header Files</Filter>
    </ClInclude>
    <ClInclude Include="src\features\config\config.h">
      <Filter>Header Files</Filter>
    </ClInclude>
    <ClInclude Include="ext\blake3\blake3.h">
      <Filter>Header Files</Filter>
    </ClInclude>
    <ClInclude Include="ext\blake3\blake3_impl.h">
      <Filter>Header Files</Filter>
    </ClInclude>
    <ClInclude Include="ext\dicons\dex_icons.h">
      <Filter>Header Files</Filter>
    </ClInclude>
    <ClInclude Include="ext\imgui\misc\imgui_freetype.h">
      <Filter>Header Files</Filter>
    </ClInclude>
    <ClInclude Include="ext\json\json.hpp">
      <Filter>Header Files</Filter>
    </ClInclude>
    <ClInclude Include="ext\zstd\common\allocations.h">
      <Filter>Header Files</Filter>
    </ClInclude>
    <ClInclude Include="ext\zstd\common\bits.h">
      <Filter>Header Files</Filter>
    </ClInclude>
    <ClInclude Include="ext\zstd\common\bitstream.h">
      <Filter>Header Files</Filter>
    </ClInclude>
    <ClInclude Include="ext\zstd\common\compiler.h">
      <Filter>Header Files</Filter>
    </ClInclude>
    <ClInclude Include="ext\zstd\common\cpu.h">
      <Filter>Header Files</Filter>
    </ClInclude>
    <ClInclude Include="ext\zstd\common\debug.h">
      <Filter>Header Files</Filter>
    </ClInclude>
    <ClInclude Include="ext\zstd\common\error_private.h">
      <Filter>Header Files</Filter>
    </ClInclude>
    <ClInclude Include="ext\zstd\common\fse.h">
      <Filter>Header Files</Filter>
    </ClInclude>
    <ClInclude Include="ext\zstd\common\huf.h">
      <Filter>Header Files</Filter>
    </ClInclude>
    <ClInclude Include="ext\zstd\common\mem.h">
      <Filter>Header Files</Filter>
    </ClInclude>
    <ClInclude Include="ext\zstd\common\pool.h">
      <Filter>Header Files</Filter>
    </ClInclude>
    <ClInclude Include="ext\zstd\common\portability_macros.h">
      <Filter>Header Files</Filter>
    </ClInclude>
    <ClInclude Include="ext\zstd\common\threading.h">
      <Filter>Header Files</Filter>
    </ClInclude>
    <ClInclude Include="ext\zstd\common\xxhash.h">
      <Filter>Header Files</Filter>
    </ClInclude>
    <ClInclude Include="ext\zstd\common\zstd_deps.h">
      <Filter>Header Files</Filter>
    </ClInclude>
    <ClInclude Include="ext\zstd\common\zstd_internal.h">
      <Filter>Header Files</Filter>
    </ClInclude>
    <ClInclude Include="ext\zstd\common\zstd_trace.h">
      <Filter>Header Files</Filter>
    </ClInclude>
    <ClInclude Include="ext\zstd\compress\clevels.h">
      <Filter>Header Files</Filter>
    </ClInclude>
    <ClInclude Include="ext\zstd\compress\hist.h">
      <Filter>Header Files</Filter>
    </ClInclude>
    <ClInclude Include="ext\zstd\compress\zstd_compress_internal.h">
      <Filter>Header Files</Filter>
    </ClInclude>
    <ClInclude Include="ext\zstd\compress\zstd_compress_literals.h">
      <Filter>Header Files</Filter>
    </ClInclude>
    <ClInclude Include="ext\zstd\compress\zstd_compress_sequences.h">
      <Filter>Header Files</Filter>
    </ClInclude>
    <ClInclude Include="ext\zstd\compress\zstd_compress_superblock.h">
      <Filter>Header Files</Filter>
    </ClInclude>
    <ClInclude Include="ext\zstd\compress\zstd_cwksp.h">
      <Filter>Header Files</Filter>
    </ClInclude>
    <ClInclude Include="ext\zstd\compress\zstd_double_fast.h">
      <Filter>Header Files</Filter>
    </ClInclude>
    <ClInclude Include="ext\zstd\compress\zstd_fast.h">
      <Filter>Header Files</Filter>
    </ClInclude>
    <ClInclude Include="ext\zstd\compress\zstd_lazy.h">
      <Filter>Header Files</Filter>
    </ClInclude>
    <ClInclude Include="ext\zstd\compress\zstd_ldm.h">
      <Filter>Header Files</Filter>
    </ClInclude>
    <ClInclude Include="ext\zstd\compress\zstd_ldm_geartab.h">
      <Filter>Header Files</Filter>
    </ClInclude>
    <ClInclude Include="ext\zstd\compress\zstd_opt.h">
      <Filter>Header Files</Filter>
    </ClInclude>
    <ClInclude Include="ext\zstd\compress\zstd_preSplit.h">
      <Filter>Header Files</Filter>
    </ClInclude>
    <ClInclude Include="ext\zstd\compress\zstdmt_compress.h">
      <Filter>Header Files</Filter>
    </ClInclude>
    <ClInclude Include="ext\zstd\decompress\zstd_ddict.h">
      <Filter>Header Files</Filter>
    </ClInclude>
    <ClInclude Include="ext\zstd\decompress\zstd_decompress_block.h">
      <Filter>Header Files</Filter>
    </ClInclude>
    <ClInclude Include="ext\zstd\decompress\zstd_decompress_internal.h">
      <Filter>Header Files</Filter>
    </ClInclude>
    <ClInclude Include="ext\zstd\zdict.h">
      <Filter>Header Files</Filter>
    </ClInclude>
    <ClInclude Include="ext\zstd\zstd.h">
      <Filter>Header Files</Filter>
    </ClInclude>
    <ClInclude Include="ext\zstd\zstd_errors.h">
      <Filter>Header Files</Filter>
    </ClInclude>
    <ClInclude Include="src\wallcheck\obb.h">
      <Filter>Header Files</Filter>
    </ClInclude>
    <ClInclude Include="src\wallcheck\wallcheck.h">
      <Filter>Header Files</Filter>
    </ClInclude>
    <ClInclude Include="src\cache\custom_entities\custom_entities.h">
      <Filter>Header Files</Filter>
    </ClInclude>
    <ClInclude Include="src\cache\game_detection.h">
      <Filter>Header Files</Filter>
    </ClInclude>
    <ClInclude Include="src\features\avatarmanager\avatarmanager.h">
      <Filter>Header Files</Filter>
    </ClInclude>
    <ClInclude Include="src\features\rage\hbe\hitbox_expander.h">
      <Filter>Header Files</Filter>
    </ClInclude>
    <ClInclude Include="src\features\rage\hitsound\hitsounds.h">
      <Filter>Header Files</Filter>
    </ClInclude>
    <ClInclude Include="src\features\rage\hittracers\hittracers.h">
      <Filter>Header Files</Filter>
    </ClInclude>
    <ClInclude Include="src\features\exploits\headless\headless.h">
      <Filter>Header Files</Filter>
    </ClInclude>
    <ClInclude Include="src\features\exploits\korblox\korblox.h">
      <Filter>Header Files</Filter>
    </ClInclude>
    <ClInclude Include="src\features\rage\noclip\noclip.h">
      <Filter>Header Files</Filter>
    </ClInclude>
    <ClInclude Include="src\features\rage\orbit\orbit.h">
      <Filter>Header Files</Filter>
    </ClInclude>
    <ClInclude Include="src\features\rage\rapidfire\rapidfire.h">
      <Filter>Header Files</Filter>
    </ClInclude>
    <ClInclude Include="src\features\rage\spin360\spin360.h">
      <Filter>Header Files</Filter>
    </ClInclude>
    <ClInclude Include="src\features\rage\desync\desync.h">
      <Filter>Header Files</Filter>
    </ClInclude>
    <ClInclude Include="src\features\rage\magicbullet\magicbullet.h">
      <Filter>Header Files</Filter>
    </ClInclude>
    <ClInclude Include="src\features\rage\thirdperson\thirdperson.h">
      <Filter>Header Files</Filter>
    </ClInclude>
    <ClInclude Include="ext\font\arial.h">
      <Filter>Header Files</Filter>
    </ClInclude>
    <ClInclude Include="src\features\lighting\clocktime\clocktime.h">
      <Filter>Header Files</Filter>
    </ClInclude>
    <ClInclude Include="ext\dicons\warn.h">
      <Filter>Header Files</Filter>
    </ClInclude>
    <ClInclude Include="ext\imgui\addons\imgui_notification.h">
      <Filter>Header Files</Filter>
    </ClInclude>
    <ClInclude Include="ext\imgui\resources\fonts\font_montserrat_medium.h">
      <Filter>Header Files</Filter>
    </ClInclude>
    <ClInclude Include="ext\hitsounds.h">
      <Filter>Header Files</Filter>
    </ClInclude>
    <ClInclude Include="src\features\lighting\exposure\exposure.h">
      <Filter>Header Files</Filter>
    </ClInclude>
    <ClInclude Include="src\features\lighting\skybox\skybox.h">
      <Filter>Header Files</Filter>
    </ClInclude>
    <ClInclude Include="src\loader\loader.h">
      <Filter>Header Files</Filter>
    </ClInclude>
    <ClInclude Include="src\features\movement\jump\jump.h">
      <Filter>Header Files</Filter>
    </ClInclude>
    <ClInclude Include="src\features\rage\hipheight\hipheight.h">
      <Filter>Header Files</Filter>
    </ClInclude>
    <ClInclude Include="src\features\movement\gravity\gravity.h">
      <Filter>Header Files</Filter>
    </ClInclude>
    <ClInclude Include="src\Offsets\FFlags.hpp">
      <Filter>Header Files</Filter>
    </ClInclude>
    <ClInclude Include="src\ui\support_notification\support_notification.h">
      <Filter>Header Files</Filter>
    </ClInclude>
    <ClInclude Include="src\memory\memory.h">
      <Filter>Header Files</Filter>
    </ClInclude>
    <ClInclude Include="src\features\exploits\antiafk\antiafk.h">
      <Filter>Header Files</Filter>
    </ClInclude>
    <ClInclude Include="src\features\exploits\client\fpscaps.h">
      <Filter>Header Files</Filter>
    </ClInclude>
    <ClInclude Include="src\features\exploits\freezeplayer\freezeplayer.h">
      <Filter>Header Files</Filter>
    </ClInclude>
    <ClInclude Include="src\features\diagnostics.h">
      <Filter>Header Files</Filter>
    </ClInclude>
    <ClInclude Include="src\features\feature_list.h">
      <Filter>Header Files</Filter>
    </ClInclude>
    <ClInclude Include="src\features\feature_registry.h">
      <Filter>Header Files</Filter>
    </ClInclude>
    <ClInclude Include="src\gamesupport\gamesupport.h">
      <Filter>Header Files</Filter>
    </ClInclude>
    <ClInclude Include="src\gamesupport\AnimeLeague\anime_league.h">
      <Filter>Header Files</Filter>
    </ClInclude>
    <ClInclude Include="src\gamesupport\LumberTycoon2\lt2.h">
      <Filter>Header Files</Filter>
    </ClInclude>
    <ClInclude Include="src\gamesupport\MurderMystery2\murder_mystery_2.h">
      <Filter>Header Files</Filter>
    </ClInclude>
    <ClInclude Include="src\gamesupport\Overkill\overkill.h">
      <Filter>Header Files</Filter>
    </ClInclude>
    <ClInclude Include="src\gamesupport\PhantomForces\phantom_forces.h">
      <Filter>Header Files</Filter>
    </ClInclude>
    <ClInclude Include="src\gamesupport\BladeBall\blade_ball.h">
      <Filter>Header Files</Filter>
    </ClInclude>
    <ClInclude Include="ext\include.hxx">
      <Filter>Header Files</Filter>
    </ClInclude>
    <ClInclude Include="src\menu\rardar\radar.h">
      <Filter>Header Files</Filter>
    </ClInclude>
    <ClInclude Include="src\runtime\runtime.h">
      <Filter>Header Files</Filter>
    </ClInclude>
    <ClInclude Include="src\runtime\runtime_log.h">
      <Filter>Header Files</Filter>
    </ClInclude>
  </ItemGroup>
  <ItemGroup>
    <None Include="assets\icon.png">
      <Filter>Resource Files</Filter>
    </None>
    <None Include="assets\new_icon.png">
      <Filter>Resource Files</Filter>
    </None>
    <None Include="ext\dicons\dex_icons_loader.inc">
      <Filter>Header Files</Filter>
    </None>
  </ItemGroup>
  <ItemGroup>
    <Library Include="ext\libs\blake3.lib" />
    <Library Include="ext\libs\zstd_static.lib" />
    <Library Include="ext\ft\freetype\lib\x64\freetype.lib" />
  </ItemGroup>
  <ItemGroup>
  </ItemGroup>
  <ItemGroup>
    <MASM Include="src\memory\luck.asm">
      <Filter>Source Files</Filter>
    </MASM>
  </ItemGroup>
</Project>


